# THIS IS AN AUTOGENERATED FILE. DO NOT EDIT THIS FILE DIRECTLY.
# yarn lockfile v1


"@react-native-community/async-storage@^1.6.1":
  version "1.6.1"
  resolved "https://registry.yarnpkg.com/@react-native-community/async-storage/-/async-storage-1.6.1.tgz#19be07fc1d65c77bdeb20f46108ba12076aad1c5"
  integrity sha512-1WA28xfdhG+unkTEk/lXnqI2izv6belo0CYw7UdvaeHm8TIYT6eTmIIdGR7oiCa2xSKEnaPQqRMH6h7gyLNbww==

bs-platform@^5.0.4:
  version "5.0.6"
  resolved "https://registry.yarnpkg.com/bs-platform/-/bs-platform-5.0.6.tgz#88c13041fb020479800de3d82c680bf971091425"
  integrity sha512-6Boa2VEcWJp2WJr38L7bp3J929nYha7gDarjxb070jWzgfPJ/WbzjipmSfnu2eqqk1MfjEIpBipbPz6n1NISwA==
